
Microsoft Visual Studio Solution File, Format Version 12.00
Project("{FAE04EC0-301F-11D3-BF4B-00C04F79EFBC}") = "EuropaUniversalisWorldEditor", "EuropaUniversalisWorldEditor\EuropaUniversalisWorldEditor.csproj", "{DC55520E-37AA-406F-8B26-F0C581E356E4}"
EndProject
Global
	GlobalSection(SolutionConfigurationPlatforms) = preSolution
		Debug|Any CPU = Debug|Any CPU
		Release|Any CPU = Release|Any CPU
	EndGlobalSection
	GlobalSection(ProjectConfigurationPlatforms) = postSolution
		{DC55520E-37AA-406F-8B26-F0C581E356E4}.Debug|Any CPU.ActiveCfg = Debug|Any CPU
		{DC55520E-37AA-406F-8B26-F0C581E356E4}.Debug|Any CPU.Build.0 = Debug|Any CPU
		{DC55520E-37AA-406F-8B26-F0C581E356E4}.Release|Any CPU.ActiveCfg = Release|Any CPU
		{DC55520E-37AA-406F-8B26-F0C581E356E4}.Release|Any CPU.Build.0 = Release|Any CPU
	EndGlobalSection
EndGlobal
